{
  "nodes": {
    "flake-utils": {
      "locked": {
        "lastModified": 1676283394,
        "narHash": "sha256-XX2f9c3iySLCw54rJ/CZs+ZK6IQy7GXNY4nSOyu2QG4=",
        "owner": "numtide",
        "repo": "flake-utils",
        "rev": "3db36a8b464d0c4532ba1c7dda728f4576d6d073",
        "type": "github"
      },
      "original": {
        "owner": "numtide",
        "repo": "flake-utils",
        "type": "github"
      }
    },
    "less": {
      "inputs": {
        "flake-utils": [
          "flake-utils"
        ],
        "nixpkgs": [
          "nixpkgs"
        ]
      },
      "locked": {
        "lastModified": 1,
        "narHash": "sha256-GhiioLRlz/bQk4zx1Uh/ledLUF8LGN3EPiIMjepUKuU=",
        "path": "./less",
        "type": "path"
      },
      "original": {
        "path": "./less",
        "type": "path"
      }
    },
    "nixpkgs": {
      "locked": {
        "lastModified": 1677932085,
        "narHash": "sha256-+AB4dYllWig8iO6vAiGGYl0NEgmMgGHpy9gzWJ3322g=",
        "owner": "NixOS",
        "repo": "nixpkgs",
        "rev": "3c5319ad3aa51551182ac82ea17ab1c6b0f0df89",
        "type": "github"
      },
      "original": {
        "id": "nixpkgs",
        "ref": "nixos-unstable",
        "type": "indirect"
      }
    },
    "nvim": {
      "inputs": {
        "flake-utils": [
          "flake-utils"
        ],
        "nixpkgs": [
          "nixpkgs"
        ],
        "vim-easyclip-src": "vim-easyclip-src",
        "vim-fine-cmdline-src": "vim-fine-cmdline-src",
        "vim-searchbox-src": "vim-searchbox-src"
      },
      "locked": {
        "lastModified": 1,
        "narHash": "sha256-+NxWzoHcC3fiU+Gn2wP08ZFnC8XkoMtIUZVq1xy1gNI=",
        "path": "./nvim",
        "type": "path"
      },
      "original": {
        "path": "./nvim",
        "type": "path"
      }
    },
    "root": {
      "inputs": {
        "flake-utils": "flake-utils",
        "less": "less",
        "nixpkgs": "nixpkgs",
        "nvim": "nvim",
        "short-pwd": "short-pwd",
        "zsh": "zsh"
      }
    },
    "short-pwd": {
      "inputs": {
        "flake-utils": [
          "flake-utils"
        ],
        "nixpkgs": [
          "nixpkgs"
        ]
      },
      "locked": {
        "lastModified": 1,
        "narHash": "sha256-jYGdtL5o1PBwSUUyybPEZUzvddL1vKsCTgqxZLGAaWU=",
        "path": "./short-pwd",
        "type": "path"
      },
      "original": {
        "path": "./short-pwd",
        "type": "path"
      }
    },
    "vim-easyclip-src": {
      "flake": false,
      "locked": {
        "lastModified": 1550518062,
        "narHash": "sha256-KBHC95cswqsQinMze/nlI43WZkXMXrDuTfK3z4hHYPg=",
        "owner": "svermeulen",
        "repo": "vim-easyclip",
        "rev": "f1a3b95463402b30dd1e22dae7d0b6ea858db2df",
        "type": "github"
      },
      "original": {
        "owner": "svermeulen",
        "ref": "master",
        "repo": "vim-easyclip",
        "type": "github"
      }
    },
    "vim-fine-cmdline-src": {
      "flake": false,
      "locked": {
        "lastModified": 1656698978,
        "narHash": "sha256-0aYHz6uRMVjctrDo8JKlTIUP2Oj+MrhBvgXRIwo/ueU=",
        "owner": "vonheikemen",
        "repo": "fine-cmdline.nvim",
        "rev": "ead2b85e455eacde10469a8fcf1a717822d2bb9a",
        "type": "github"
      },
      "original": {
        "owner": "vonheikemen",
        "ref": "main",
        "repo": "fine-cmdline.nvim",
        "type": "github"
      }
    },
    "vim-searchbox-src": {
      "flake": false,
      "locked": {
        "lastModified": 1667232914,
        "narHash": "sha256-Bx4Msp96hlcYVDvDC3gBv78zmde0T5XacxgiZt+LULU=",
        "owner": "VonHeikemen",
        "repo": "searchbox.nvim",
        "rev": "110949af8963185b4e732b45ae57beb731bfcede",
        "type": "github"
      },
      "original": {
        "owner": "VonHeikemen",
        "ref": "main",
        "repo": "searchbox.nvim",
        "type": "github"
      }
    },
    "zsh": {
      "inputs": {
        "flake-utils": [
          "flake-utils"
        ],
        "less": [
          "less"
        ],
        "nixpkgs": [
          "nixpkgs"
        ],
        "nvim": [
          "nvim"
        ],
        "short-pwd": [
          "short-pwd"
        ]
      },
      "locked": {
        "lastModified": 1,
        "narHash": "sha256-Gu5PlHV0l05V3ROHJ5dgI/7nRxiUZDWHOJA/Fj/Y/rU=",
        "path": "./zsh",
        "type": "path"
      },
      "original": {
        "path": "./zsh",
        "type": "path"
      }
    }
  },
  "root": "root",
  "version": 7
}
