{
  "nodes": {
    "flake-utils": {
      "locked": {
        "lastModified": 1667395993,
        "narHash": "sha256-nuEHfE/LcWyuSWnS8t12N1wc105Qtau+/OdUAjtQ0rA=",
        "owner": "numtide",
        "repo": "flake-utils",
        "rev": "5aed5285a952e0b949eb3ba02c12fa4fcfef535f",
        "type": "github"
      },
      "original": {
        "owner": "numtide",
        "repo": "flake-utils",
        "type": "github"
      }
    },
    "nixpkgs": {
      "locked": {
        "lastModified": 1668650906,
        "narHash": "sha256-JuiYfDO23O8oxUUOmhQflmOoJovyC5G4RjcYQMQjrRE=",
        "owner": "NixOS",
        "repo": "nixpkgs",
        "rev": "3a86856a13c88c8c64ea32082a851fefc79aa700",
        "type": "github"
      },
      "original": {
        "id": "nixpkgs",
        "type": "indirect"
      }
    },
    "root": {
      "inputs": {
        "flake-utils": "flake-utils",
        "nixpkgs": "nixpkgs",
        "vim-easyclip-src": "vim-easyclip-src",
        "vim-fine-cmdline-src": "vim-fine-cmdline-src",
        "vim-searchbox-src": "vim-searchbox-src"
      }
    },
    "vim-easyclip-src": {
      "flake": false,
      "locked": {
        "lastModified": 1550518062,
        "narHash": "sha256-KBHC95cswqsQinMze/nlI43WZkXMXrDuTfK3z4hHYPg=",
        "owner": "svermeulen",
        "repo": "vim-easyclip",
        "rev": "f1a3b95463402b30dd1e22dae7d0b6ea858db2df",
        "type": "github"
      },
      "original": {
        "owner": "svermeulen",
        "ref": "master",
        "repo": "vim-easyclip",
        "type": "github"
      }
    },
    "vim-fine-cmdline-src": {
      "flake": false,
      "locked": {
        "lastModified": 1656698978,
        "narHash": "sha256-0aYHz6uRMVjctrDo8JKlTIUP2Oj+MrhBvgXRIwo/ueU=",
        "owner": "vonheikemen",
        "repo": "fine-cmdline.nvim",
        "rev": "ead2b85e455eacde10469a8fcf1a717822d2bb9a",
        "type": "github"
      },
      "original": {
        "owner": "vonheikemen",
        "ref": "main",
        "repo": "fine-cmdline.nvim",
        "type": "github"
      }
    },
    "vim-searchbox-src": {
      "flake": false,
      "locked": {
        "lastModified": 1667232914,
        "narHash": "sha256-Bx4Msp96hlcYVDvDC3gBv78zmde0T5XacxgiZt+LULU=",
        "owner": "VonHeikemen",
        "repo": "searchbox.nvim",
        "rev": "110949af8963185b4e732b45ae57beb731bfcede",
        "type": "github"
      },
      "original": {
        "owner": "VonHeikemen",
        "ref": "main",
        "repo": "searchbox.nvim",
        "type": "github"
      }
    }
  },
  "root": "root",
  "version": 7
}
