{
  "nodes": {
    "flake-utils": {
      "locked": {
        "lastModified": 1656928814,
        "narHash": "sha256-RIFfgBuKz6Hp89yRr7+NR5tzIAbn52h8vT6vXkYjZoM=",
        "owner": "numtide",
        "repo": "flake-utils",
        "rev": "7e2a3b3dfd9af950a856d66b0a7d01e3c18aa249",
        "type": "github"
      },
      "original": {
        "owner": "numtide",
        "repo": "flake-utils",
        "type": "github"
      }
    },
    "nixpkgs": {
      "locked": {
        "lastModified": 1659190188,
        "narHash": "sha256-LudYrDFPFaQMW0l68TYkPWRPKmqpxIFU1nWfylIp9AQ=",
        "owner": "NixOS",
        "repo": "nixpkgs",
        "rev": "a3fddd46a7f3418d7e3940ded94701aba569161d",
        "type": "github"
      },
      "original": {
        "id": "nixpkgs",
        "type": "indirect"
      }
    },
    "root": {
      "inputs": {
        "flake-utils": "flake-utils",
        "nixpkgs": "nixpkgs",
        "vim-easyclip-src": "vim-easyclip-src",
        "vim-fine-cmdline-src": "vim-fine-cmdline-src",
        "vim-searchbox-src": "vim-searchbox-src"
      }
    },
    "vim-easyclip-src": {
      "flake": false,
      "locked": {
        "lastModified": 1550518062,
        "narHash": "sha256-KBHC95cswqsQinMze/nlI43WZkXMXrDuTfK3z4hHYPg=",
        "owner": "svermeulen",
        "repo": "vim-easyclip",
        "rev": "f1a3b95463402b30dd1e22dae7d0b6ea858db2df",
        "type": "github"
      },
      "original": {
        "owner": "svermeulen",
        "ref": "master",
        "repo": "vim-easyclip",
        "type": "github"
      }
    },
    "vim-fine-cmdline-src": {
      "flake": false,
      "locked": {
        "lastModified": 1656698978,
        "narHash": "sha256-0aYHz6uRMVjctrDo8JKlTIUP2Oj+MrhBvgXRIwo/ueU=",
        "owner": "vonheikemen",
        "repo": "fine-cmdline.nvim",
        "rev": "ead2b85e455eacde10469a8fcf1a717822d2bb9a",
        "type": "github"
      },
      "original": {
        "owner": "vonheikemen",
        "ref": "main",
        "repo": "fine-cmdline.nvim",
        "type": "github"
      }
    },
    "vim-searchbox-src": {
      "flake": false,
      "locked": {
        "lastModified": 1659102940,
        "narHash": "sha256-zq7HwyvSIlru9/1mqa0L2IpCtcMYRU/CPmczo5UlfYU=",
        "owner": "VonHeikemen",
        "repo": "searchbox.nvim",
        "rev": "ccdbbb8b1b378d4e45d9af9040a6c1e925ad1c56",
        "type": "github"
      },
      "original": {
        "owner": "VonHeikemen",
        "ref": "main",
        "repo": "searchbox.nvim",
        "type": "github"
      }
    }
  },
  "root": "root",
  "version": 7
}
